
Microsoft Visual Studio Solution File, Format Version 12.00
# Visual Studio Version 17
VisualStudioVersion = 17.4.33213.308
MinimumVisualStudioVersion = 10.0.40219.1
Project("{9A19103F-16F7-4668-BE54-9A1E7A4F7556}") = "harjoitus_1", "harjoitus_1\harjoitus_1.csproj", "{5F7FB203-E5FE-4528-84D6-5B8171926F24}"
EndProject
Project("{9A19103F-16F7-4668-BE54-9A1E7A4F7556}") = "harjoitsu_2", "harjoitsu_2\harjoitsu_2.csproj", "{76E18E74-9C6D-4659-AF8E-C3B654057735}"
EndProject
Project("{9A19103F-16F7-4668-BE54-9A1E7A4F7556}") = "tehtava_3", "tehtava_3\tehtava_3.csproj", "{9C226327-D1A1-4CD5-8C0E-EE29C03E2354}"
EndProject
Project("{9A19103F-16F7-4668-BE54-9A1E7A4F7556}") = "tehtava_4", "tehtava_4\tehtava_4.csproj", "{1F609972-ACAF-45A6-ABA7-A3ECA2DE0E69}"
EndProject
Project("{9A19103F-16F7-4668-BE54-9A1E7A4F7556}") = "tehtava_5", "tehtava_5\tehtava_5.csproj", "{51A828C3-B527-463D-803C-0E464676D336}"
EndProject
Project("{9A19103F-16F7-4668-BE54-9A1E7A4F7556}") = "Tehtava5", "Tehtava5\Tehtava5.csproj", "{6E1B1A74-E891-4755-B696-BD5B90E2328E}"
EndProject
Project("{FAE04EC0-301F-11D3-BF4B-00C04F79EFBC}") = "SalasananTarkastus", "SalasananTarkastus\SalasananTarkastus.csproj", "{F9E33626-F128-4856-9987-71DCD93E38E9}"
EndProject
Project("{9A19103F-16F7-4668-BE54-9A1E7A4F7556}") = "salasanan_trkastus", "salasanan_trkastus\salasanan_trkastus.csproj", "{DCE631E0-3546-4936-AB4A-E54DA2F58090}"
EndProject
Project("{FAE04EC0-301F-11D3-BF4B-00C04F79EFBC}") = "salasana_tarkastus", "salasana_tarkastus\salasana_tarkastus.csproj", "{98DBDBF5-7C8A-43D0-A075-4C17914DD131}"
EndProject
Global
	GlobalSection(SolutionConfigurationPlatforms) = preSolution
		Debug|Any CPU = Debug|Any CPU
		Release|Any CPU = Release|Any CPU
	EndGlobalSection
	GlobalSection(ProjectConfigurationPlatforms) = postSolution
		{5F7FB203-E5FE-4528-84D6-5B8171926F24}.Debug|Any CPU.ActiveCfg = Debug|Any CPU
		{5F7FB203-E5FE-4528-84D6-5B8171926F24}.Debug|Any CPU.Build.0 = Debug|Any CPU
		{5F7FB203-E5FE-4528-84D6-5B8171926F24}.Release|Any CPU.ActiveCfg = Release|Any CPU
		{5F7FB203-E5FE-4528-84D6-5B8171926F24}.Release|Any CPU.Build.0 = Release|Any CPU
		{76E18E74-9C6D-4659-AF8E-C3B654057735}.Debug|Any CPU.ActiveCfg = Debug|Any CPU
		{76E18E74-9C6D-4659-AF8E-C3B654057735}.Debug|Any CPU.Build.0 = Debug|Any CPU
		{76E18E74-9C6D-4659-AF8E-C3B654057735}.Release|Any CPU.ActiveCfg = Release|Any CPU
		{76E18E74-9C6D-4659-AF8E-C3B654057735}.Release|Any CPU.Build.0 = Release|Any CPU
		{9C226327-D1A1-4CD5-8C0E-EE29C03E2354}.Debug|Any CPU.ActiveCfg = Debug|Any CPU
		{9C226327-D1A1-4CD5-8C0E-EE29C03E2354}.Debug|Any CPU.Build.0 = Debug|Any CPU
		{9C226327-D1A1-4CD5-8C0E-EE29C03E2354}.Release|Any CPU.ActiveCfg = Release|Any CPU
		{9C226327-D1A1-4CD5-8C0E-EE29C03E2354}.Release|Any CPU.Build.0 = Release|Any CPU
		{1F609972-ACAF-45A6-ABA7-A3ECA2DE0E69}.Debug|Any CPU.ActiveCfg = Debug|Any CPU
		{1F609972-ACAF-45A6-ABA7-A3ECA2DE0E69}.Debug|Any CPU.Build.0 = Debug|Any CPU
		{1F609972-ACAF-45A6-ABA7-A3ECA2DE0E69}.Release|Any CPU.ActiveCfg = Release|Any CPU
		{1F609972-ACAF-45A6-ABA7-A3ECA2DE0E69}.Release|Any CPU.Build.0 = Release|Any CPU
		{51A828C3-B527-463D-803C-0E464676D336}.Debug|Any CPU.ActiveCfg = Debug|Any CPU
		{51A828C3-B527-463D-803C-0E464676D336}.Debug|Any CPU.Build.0 = Debug|Any CPU
		{51A828C3-B527-463D-803C-0E464676D336}.Release|Any CPU.ActiveCfg = Release|Any CPU
		{51A828C3-B527-463D-803C-0E464676D336}.Release|Any CPU.Build.0 = Release|Any CPU
		{6E1B1A74-E891-4755-B696-BD5B90E2328E}.Debug|Any CPU.ActiveCfg = Debug|Any CPU
		{6E1B1A74-E891-4755-B696-BD5B90E2328E}.Debug|Any CPU.Build.0 = Debug|Any CPU
		{6E1B1A74-E891-4755-B696-BD5B90E2328E}.Release|Any CPU.ActiveCfg = Release|Any CPU
		{6E1B1A74-E891-4755-B696-BD5B90E2328E}.Release|Any CPU.Build.0 = Release|Any CPU
		{F9E33626-F128-4856-9987-71DCD93E38E9}.Debug|Any CPU.ActiveCfg = Debug|Any CPU
		{F9E33626-F128-4856-9987-71DCD93E38E9}.Debug|Any CPU.Build.0 = Debug|Any CPU
		{F9E33626-F128-4856-9987-71DCD93E38E9}.Release|Any CPU.ActiveCfg = Release|Any CPU
		{F9E33626-F128-4856-9987-71DCD93E38E9}.Release|Any CPU.Build.0 = Release|Any CPU
		{DCE631E0-3546-4936-AB4A-E54DA2F58090}.Debug|Any CPU.ActiveCfg = Debug|Any CPU
		{DCE631E0-3546-4936-AB4A-E54DA2F58090}.Debug|Any CPU.Build.0 = Debug|Any CPU
		{DCE631E0-3546-4936-AB4A-E54DA2F58090}.Release|Any CPU.ActiveCfg = Release|Any CPU
		{DCE631E0-3546-4936-AB4A-E54DA2F58090}.Release|Any CPU.Build.0 = Release|Any CPU
		{98DBDBF5-7C8A-43D0-A075-4C17914DD131}.Debug|Any CPU.ActiveCfg = Debug|Any CPU
		{98DBDBF5-7C8A-43D0-A075-4C17914DD131}.Debug|Any CPU.Build.0 = Debug|Any CPU
		{98DBDBF5-7C8A-43D0-A075-4C17914DD131}.Release|Any CPU.ActiveCfg = Release|Any CPU
		{98DBDBF5-7C8A-43D0-A075-4C17914DD131}.Release|Any CPU.Build.0 = Release|Any CPU
	EndGlobalSection
	GlobalSection(SolutionProperties) = preSolution
		HideSolutionNode = FALSE
	EndGlobalSection
	GlobalSection(ExtensibilityGlobals) = postSolution
		SolutionGuid = {E7D640A0-469D-441E-88CF-B9915AE26291}
	EndGlobalSection
EndGlobal
