
Microsoft Visual Studio Solution File, Format Version 12.00
# Visual Studio Version 17
VisualStudioVersion = 17.4.33213.308
MinimumVisualStudioVersion = 10.0.40219.1
Project("{9A19103F-16F7-4668-BE54-9A1E7A4F7556}") = "c-shap_dia_68_harjoitukset_tehtava1", "c-shap_dia_68_harjoitukset_tehtava1\c-shap_dia_68_harjoitukset_tehtava1.csproj", "{02AFEBE7-2210-4623-96B0-F9E71A1A7F40}"
EndProject
Project("{9A19103F-16F7-4668-BE54-9A1E7A4F7556}") = "tehtava1", "tehtava1\tehtava1.csproj", "{0ADB3D3F-D12C-4AE4-95F9-BC695DD9A651}"
EndProject
Project("{9A19103F-16F7-4668-BE54-9A1E7A4F7556}") = "tehtava2", "tehtava2\tehtava2.csproj", "{12162FD5-11C6-4CF6-9EA9-686EC4A53CAB}"
EndProject
Project("{9A19103F-16F7-4668-BE54-9A1E7A4F7556}") = "tehtava3", "tehtava3\tehtava3.csproj", "{EB8FA54E-09A4-4B6E-B593-943323887BE3}"
EndProject
Project("{9A19103F-16F7-4668-BE54-9A1E7A4F7556}") = "tehtava4", "tehtava4\tehtava4.csproj", "{A62A4E9A-2CDC-46B8-A6B8-0BD2E9B8CF56}"
EndProject
Project("{9A19103F-16F7-4668-BE54-9A1E7A4F7556}") = "tehtava5", "tehtava5\tehtava5.csproj", "{C2C23D9F-34E0-4BBB-9803-FD5E6A10DA56}"
EndProject
Project("{9A19103F-16F7-4668-BE54-9A1E7A4F7556}") = "tehtava6", "tehtava6\tehtava6.csproj", "{5A4A4D56-D9D9-4E4A-ABD9-8DCA4A5232FD}"
EndProject
Project("{9A19103F-16F7-4668-BE54-9A1E7A4F7556}") = "tehtava7", "tehtava7\tehtava7.csproj", "{9B9A641F-BAC7-42F0-8A46-4F3C2683466E}"
EndProject
Project("{9A19103F-16F7-4668-BE54-9A1E7A4F7556}") = "tehtava8", "tehtava8\tehtava8.csproj", "{558855B3-FE80-4DBD-A4C4-673FC49FC088}"
EndProject
Project("{9A19103F-16F7-4668-BE54-9A1E7A4F7556}") = "tehtava9", "tehtava9\tehtava9.csproj", "{38AC45E8-7361-4BF9-A3F8-ADA67FCD92EC}"
EndProject
Project("{9A19103F-16F7-4668-BE54-9A1E7A4F7556}") = "tehtava10", "tehtava10\tehtava10.csproj", "{4A16C8C9-5A9E-4412-B264-46F69846F955}"
EndProject
Project("{9A19103F-16F7-4668-BE54-9A1E7A4F7556}") = "tehtava11", "tehtava11\tehtava11.csproj", "{90BF1A0C-B802-4B9D-BF5B-BEB6D0DC7DE5}"
EndProject
Project("{9A19103F-16F7-4668-BE54-9A1E7A4F7556}") = "Tehtava12", "Tehtava12\Tehtava12.csproj", "{8B663276-2BA2-4781-B590-E94146178EEE}"
EndProject
Project("{FAE04EC0-301F-11D3-BF4B-00C04F79EFBC}") = "Tehtava13", "Tehtava13\Tehtava13.csproj", "{CAE88DF4-F88C-4E02-8324-40D1003947A1}"
EndProject
Global
	GlobalSection(SolutionConfigurationPlatforms) = preSolution
		Debug|Any CPU = Debug|Any CPU
		Release|Any CPU = Release|Any CPU
	EndGlobalSection
	GlobalSection(ProjectConfigurationPlatforms) = postSolution
		{02AFEBE7-2210-4623-96B0-F9E71A1A7F40}.Debug|Any CPU.ActiveCfg = Debug|Any CPU
		{02AFEBE7-2210-4623-96B0-F9E71A1A7F40}.Debug|Any CPU.Build.0 = Debug|Any CPU
		{02AFEBE7-2210-4623-96B0-F9E71A1A7F40}.Release|Any CPU.ActiveCfg = Release|Any CPU
		{02AFEBE7-2210-4623-96B0-F9E71A1A7F40}.Release|Any CPU.Build.0 = Release|Any CPU
		{0ADB3D3F-D12C-4AE4-95F9-BC695DD9A651}.Debug|Any CPU.ActiveCfg = Debug|Any CPU
		{0ADB3D3F-D12C-4AE4-95F9-BC695DD9A651}.Debug|Any CPU.Build.0 = Debug|Any CPU
		{0ADB3D3F-D12C-4AE4-95F9-BC695DD9A651}.Release|Any CPU.ActiveCfg = Release|Any CPU
		{0ADB3D3F-D12C-4AE4-95F9-BC695DD9A651}.Release|Any CPU.Build.0 = Release|Any CPU
		{12162FD5-11C6-4CF6-9EA9-686EC4A53CAB}.Debug|Any CPU.ActiveCfg = Debug|Any CPU
		{12162FD5-11C6-4CF6-9EA9-686EC4A53CAB}.Debug|Any CPU.Build.0 = Debug|Any CPU
		{12162FD5-11C6-4CF6-9EA9-686EC4A53CAB}.Release|Any CPU.ActiveCfg = Release|Any CPU
		{12162FD5-11C6-4CF6-9EA9-686EC4A53CAB}.Release|Any CPU.Build.0 = Release|Any CPU
		{EB8FA54E-09A4-4B6E-B593-943323887BE3}.Debug|Any CPU.ActiveCfg = Debug|Any CPU
		{EB8FA54E-09A4-4B6E-B593-943323887BE3}.Debug|Any CPU.Build.0 = Debug|Any CPU
		{EB8FA54E-09A4-4B6E-B593-943323887BE3}.Release|Any CPU.ActiveCfg = Release|Any CPU
		{EB8FA54E-09A4-4B6E-B593-943323887BE3}.Release|Any CPU.Build.0 = Release|Any CPU
		{A62A4E9A-2CDC-46B8-A6B8-0BD2E9B8CF56}.Debug|Any CPU.ActiveCfg = Debug|Any CPU
		{A62A4E9A-2CDC-46B8-A6B8-0BD2E9B8CF56}.Debug|Any CPU.Build.0 = Debug|Any CPU
		{A62A4E9A-2CDC-46B8-A6B8-0BD2E9B8CF56}.Release|Any CPU.ActiveCfg = Release|Any CPU
		{A62A4E9A-2CDC-46B8-A6B8-0BD2E9B8CF56}.Release|Any CPU.Build.0 = Release|Any CPU
		{C2C23D9F-34E0-4BBB-9803-FD5E6A10DA56}.Debug|Any CPU.ActiveCfg = Debug|Any CPU
		{C2C23D9F-34E0-4BBB-9803-FD5E6A10DA56}.Debug|Any CPU.Build.0 = Debug|Any CPU
		{C2C23D9F-34E0-4BBB-9803-FD5E6A10DA56}.Release|Any CPU.ActiveCfg = Release|Any CPU
		{C2C23D9F-34E0-4BBB-9803-FD5E6A10DA56}.Release|Any CPU.Build.0 = Release|Any CPU
		{5A4A4D56-D9D9-4E4A-ABD9-8DCA4A5232FD}.Debug|Any CPU.ActiveCfg = Debug|Any CPU
		{5A4A4D56-D9D9-4E4A-ABD9-8DCA4A5232FD}.Debug|Any CPU.Build.0 = Debug|Any CPU
		{5A4A4D56-D9D9-4E4A-ABD9-8DCA4A5232FD}.Release|Any CPU.ActiveCfg = Release|Any CPU
		{5A4A4D56-D9D9-4E4A-ABD9-8DCA4A5232FD}.Release|Any CPU.Build.0 = Release|Any CPU
		{9B9A641F-BAC7-42F0-8A46-4F3C2683466E}.Debug|Any CPU.ActiveCfg = Debug|Any CPU
		{9B9A641F-BAC7-42F0-8A46-4F3C2683466E}.Debug|Any CPU.Build.0 = Debug|Any CPU
		{9B9A641F-BAC7-42F0-8A46-4F3C2683466E}.Release|Any CPU.ActiveCfg = Release|Any CPU
		{9B9A641F-BAC7-42F0-8A46-4F3C2683466E}.Release|Any CPU.Build.0 = Release|Any CPU
		{558855B3-FE80-4DBD-A4C4-673FC49FC088}.Debug|Any CPU.ActiveCfg = Debug|Any CPU
		{558855B3-FE80-4DBD-A4C4-673FC49FC088}.Debug|Any CPU.Build.0 = Debug|Any CPU
		{558855B3-FE80-4DBD-A4C4-673FC49FC088}.Release|Any CPU.ActiveCfg = Release|Any CPU
		{558855B3-FE80-4DBD-A4C4-673FC49FC088}.Release|Any CPU.Build.0 = Release|Any CPU
		{38AC45E8-7361-4BF9-A3F8-ADA67FCD92EC}.Debug|Any CPU.ActiveCfg = Debug|Any CPU
		{38AC45E8-7361-4BF9-A3F8-ADA67FCD92EC}.Debug|Any CPU.Build.0 = Debug|Any CPU
		{38AC45E8-7361-4BF9-A3F8-ADA67FCD92EC}.Release|Any CPU.ActiveCfg = Release|Any CPU
		{38AC45E8-7361-4BF9-A3F8-ADA67FCD92EC}.Release|Any CPU.Build.0 = Release|Any CPU
		{4A16C8C9-5A9E-4412-B264-46F69846F955}.Debug|Any CPU.ActiveCfg = Debug|Any CPU
		{4A16C8C9-5A9E-4412-B264-46F69846F955}.Debug|Any CPU.Build.0 = Debug|Any CPU
		{4A16C8C9-5A9E-4412-B264-46F69846F955}.Release|Any CPU.ActiveCfg = Release|Any CPU
		{4A16C8C9-5A9E-4412-B264-46F69846F955}.Release|Any CPU.Build.0 = Release|Any CPU
		{90BF1A0C-B802-4B9D-BF5B-BEB6D0DC7DE5}.Debug|Any CPU.ActiveCfg = Debug|Any CPU
		{90BF1A0C-B802-4B9D-BF5B-BEB6D0DC7DE5}.Debug|Any CPU.Build.0 = Debug|Any CPU
		{90BF1A0C-B802-4B9D-BF5B-BEB6D0DC7DE5}.Release|Any CPU.ActiveCfg = Release|Any CPU
		{90BF1A0C-B802-4B9D-BF5B-BEB6D0DC7DE5}.Release|Any CPU.Build.0 = Release|Any CPU
		{8B663276-2BA2-4781-B590-E94146178EEE}.Debug|Any CPU.ActiveCfg = Debug|Any CPU
		{8B663276-2BA2-4781-B590-E94146178EEE}.Debug|Any CPU.Build.0 = Debug|Any CPU
		{8B663276-2BA2-4781-B590-E94146178EEE}.Release|Any CPU.ActiveCfg = Release|Any CPU
		{8B663276-2BA2-4781-B590-E94146178EEE}.Release|Any CPU.Build.0 = Release|Any CPU
		{CAE88DF4-F88C-4E02-8324-40D1003947A1}.Debug|Any CPU.ActiveCfg = Debug|Any CPU
		{CAE88DF4-F88C-4E02-8324-40D1003947A1}.Debug|Any CPU.Build.0 = Debug|Any CPU
		{CAE88DF4-F88C-4E02-8324-40D1003947A1}.Release|Any CPU.ActiveCfg = Release|Any CPU
		{CAE88DF4-F88C-4E02-8324-40D1003947A1}.Release|Any CPU.Build.0 = Release|Any CPU
	EndGlobalSection
	GlobalSection(SolutionProperties) = preSolution
		HideSolutionNode = FALSE
	EndGlobalSection
	GlobalSection(ExtensibilityGlobals) = postSolution
		SolutionGuid = {B33CCF2F-C4C9-46C3-9820-9A85C910C5DF}
	EndGlobalSection
EndGlobal
