
Microsoft Visual Studio Solution File, Format Version 12.00
# Visual Studio Version 17
VisualStudioVersion = 17.4.33213.308
MinimumVisualStudioVersion = 10.0.40219.1
Project("{9A19103F-16F7-4668-BE54-9A1E7A4F7556}") = "c-sharp_perusteet_diojen_harjoitukset", "c-sharp_perusteet_diojen_harjoitukset\c-sharp_perusteet_diojen_harjoitukset.csproj", "{14F813F1-D43B-4427-96ED-D24979CA13C5}"
EndProject
Project("{9A19103F-16F7-4668-BE54-9A1E7A4F7556}") = "tehtava_2", "tehtava_2\tehtava_2.csproj", "{E185010A-1CA9-4E76-AA89-FC6898926826}"
EndProject
Project("{9A19103F-16F7-4668-BE54-9A1E7A4F7556}") = "tehtava_3", "..\tehtava_3\tehtava_3.csproj", "{80EB0FE2-6AD3-4FA6-8C75-6555843C2701}"
EndProject
Project("{9A19103F-16F7-4668-BE54-9A1E7A4F7556}") = "tehtava_4", "tehtava_4\tehtava_4.csproj", "{500CBE99-8B6B-4234-BC43-5EAF4C947F2F}"
EndProject
Project("{9A19103F-16F7-4668-BE54-9A1E7A4F7556}") = "tehtava_5", "tehtava_5\tehtava_5.csproj", "{871ED4DE-9042-4CFD-8709-E76577B4E39B}"
EndProject
Project("{FAE04EC0-301F-11D3-BF4B-00C04F79EFBC}") = "tehtava_7", "tehtava_7\tehtava_7.csproj", "{CD41DB29-72DE-4A12-92A8-86C541D2708B}"
EndProject
Project("{FAE04EC0-301F-11D3-BF4B-00C04F79EFBC}") = "tehtava_6", "tehtava_6\tehtava_6.csproj", "{DFF4993A-F0E2-49B2-A561-FE4698F3FF22}"
EndProject
Global
	GlobalSection(SolutionConfigurationPlatforms) = preSolution
		Debug|Any CPU = Debug|Any CPU
		Release|Any CPU = Release|Any CPU
	EndGlobalSection
	GlobalSection(ProjectConfigurationPlatforms) = postSolution
		{14F813F1-D43B-4427-96ED-D24979CA13C5}.Debug|Any CPU.ActiveCfg = Debug|Any CPU
		{14F813F1-D43B-4427-96ED-D24979CA13C5}.Debug|Any CPU.Build.0 = Debug|Any CPU
		{14F813F1-D43B-4427-96ED-D24979CA13C5}.Release|Any CPU.ActiveCfg = Release|Any CPU
		{14F813F1-D43B-4427-96ED-D24979CA13C5}.Release|Any CPU.Build.0 = Release|Any CPU
		{E185010A-1CA9-4E76-AA89-FC6898926826}.Debug|Any CPU.ActiveCfg = Debug|Any CPU
		{E185010A-1CA9-4E76-AA89-FC6898926826}.Debug|Any CPU.Build.0 = Debug|Any CPU
		{E185010A-1CA9-4E76-AA89-FC6898926826}.Release|Any CPU.ActiveCfg = Release|Any CPU
		{E185010A-1CA9-4E76-AA89-FC6898926826}.Release|Any CPU.Build.0 = Release|Any CPU
		{80EB0FE2-6AD3-4FA6-8C75-6555843C2701}.Debug|Any CPU.ActiveCfg = Debug|Any CPU
		{80EB0FE2-6AD3-4FA6-8C75-6555843C2701}.Debug|Any CPU.Build.0 = Debug|Any CPU
		{80EB0FE2-6AD3-4FA6-8C75-6555843C2701}.Release|Any CPU.ActiveCfg = Release|Any CPU
		{80EB0FE2-6AD3-4FA6-8C75-6555843C2701}.Release|Any CPU.Build.0 = Release|Any CPU
		{500CBE99-8B6B-4234-BC43-5EAF4C947F2F}.Debug|Any CPU.ActiveCfg = Debug|Any CPU
		{500CBE99-8B6B-4234-BC43-5EAF4C947F2F}.Debug|Any CPU.Build.0 = Debug|Any CPU
		{500CBE99-8B6B-4234-BC43-5EAF4C947F2F}.Release|Any CPU.ActiveCfg = Release|Any CPU
		{500CBE99-8B6B-4234-BC43-5EAF4C947F2F}.Release|Any CPU.Build.0 = Release|Any CPU
		{871ED4DE-9042-4CFD-8709-E76577B4E39B}.Debug|Any CPU.ActiveCfg = Debug|Any CPU
		{871ED4DE-9042-4CFD-8709-E76577B4E39B}.Debug|Any CPU.Build.0 = Debug|Any CPU
		{871ED4DE-9042-4CFD-8709-E76577B4E39B}.Release|Any CPU.ActiveCfg = Release|Any CPU
		{871ED4DE-9042-4CFD-8709-E76577B4E39B}.Release|Any CPU.Build.0 = Release|Any CPU
		{CD41DB29-72DE-4A12-92A8-86C541D2708B}.Debug|Any CPU.ActiveCfg = Debug|Any CPU
		{CD41DB29-72DE-4A12-92A8-86C541D2708B}.Debug|Any CPU.Build.0 = Debug|Any CPU
		{CD41DB29-72DE-4A12-92A8-86C541D2708B}.Release|Any CPU.ActiveCfg = Release|Any CPU
		{CD41DB29-72DE-4A12-92A8-86C541D2708B}.Release|Any CPU.Build.0 = Release|Any CPU
		{DFF4993A-F0E2-49B2-A561-FE4698F3FF22}.Debug|Any CPU.ActiveCfg = Debug|Any CPU
		{DFF4993A-F0E2-49B2-A561-FE4698F3FF22}.Debug|Any CPU.Build.0 = Debug|Any CPU
		{DFF4993A-F0E2-49B2-A561-FE4698F3FF22}.Release|Any CPU.ActiveCfg = Release|Any CPU
		{DFF4993A-F0E2-49B2-A561-FE4698F3FF22}.Release|Any CPU.Build.0 = Release|Any CPU
	EndGlobalSection
	GlobalSection(SolutionProperties) = preSolution
		HideSolutionNode = FALSE
	EndGlobalSection
	GlobalSection(ExtensibilityGlobals) = postSolution
		SolutionGuid = {91900380-1209-43C8-B657-FAC29B7288D9}
	EndGlobalSection
EndGlobal
