
Microsoft Visual Studio Solution File, Format Version 12.00
# Visual Studio Version 17
VisualStudioVersion = 17.4.33213.308
MinimumVisualStudioVersion = 10.0.40219.1
Project("{FAE04EC0-301F-11D3-BF4B-00C04F79EFBC}") = "Pankkitesti", "Pankkitesti\Pankkitesti.csproj", "{C9AA10B4-038D-4DD4-91A9-97541FCC37AE}"
EndProject
Global
	GlobalSection(SolutionConfigurationPlatforms) = preSolution
		Debug|Any CPU = Debug|Any CPU
		Release|Any CPU = Release|Any CPU
	EndGlobalSection
	GlobalSection(ProjectConfigurationPlatforms) = postSolution
		{C9AA10B4-038D-4DD4-91A9-97541FCC37AE}.Debug|Any CPU.ActiveCfg = Debug|Any CPU
		{C9AA10B4-038D-4DD4-91A9-97541FCC37AE}.Debug|Any CPU.Build.0 = Debug|Any CPU
		{C9AA10B4-038D-4DD4-91A9-97541FCC37AE}.Release|Any CPU.ActiveCfg = Release|Any CPU
		{C9AA10B4-038D-4DD4-91A9-97541FCC37AE}.Release|Any CPU.Build.0 = Release|Any CPU
	EndGlobalSection
	GlobalSection(SolutionProperties) = preSolution
		HideSolutionNode = FALSE
	EndGlobalSection
	GlobalSection(ExtensibilityGlobals) = postSolution
		SolutionGuid = {C97A25AF-A41C-4B69-95AF-6A4E369AED03}
	EndGlobalSection
EndGlobal
