
Microsoft Visual Studio Solution File, Format Version 12.00
# Visual Studio Version 17
VisualStudioVersion = 17.4.33213.308
MinimumVisualStudioVersion = 10.0.40219.1
Project("{9A19103F-16F7-4668-BE54-9A1E7A4F7556}") = "Tehtava8", "Tehtava8\Tehtava8.csproj", "{A2B49FC5-A311-4564-A3D3-FB66C3CDCAC9}"
EndProject
Project("{9A19103F-16F7-4668-BE54-9A1E7A4F7556}") = "Tehtava_9", "Tehtava_9\Tehtava_9.csproj", "{CB49CFDE-86C1-4D57-A0E7-70E235864E2A}"
EndProject
Project("{9A19103F-16F7-4668-BE54-9A1E7A4F7556}") = "Tehtava10", "Tehtava10\Tehtava10.csproj", "{DD4B464C-C230-49ED-938A-C6C3E9F85425}"
EndProject
Project("{FAE04EC0-301F-11D3-BF4B-00C04F79EFBC}") = "Tehtava11", "Tehtava11\Tehtava11.csproj", "{1346EF23-F7E7-45AE-8904-FA654C44E0AB}"
EndProject
Project("{FAE04EC0-301F-11D3-BF4B-00C04F79EFBC}") = "Tehtava12", "Tehtava12\Tehtava12.csproj", "{C7FA8427-3BD3-4250-8C9E-8FDE864BD208}"
EndProject
Project("{FAE04EC0-301F-11D3-BF4B-00C04F79EFBC}") = "Tehtava13", "Tehtava13\Tehtava13.csproj", "{0BC0919E-BD18-4C56-85FA-3B4297BCF996}"
EndProject
Project("{FAE04EC0-301F-11D3-BF4B-00C04F79EFBC}") = "Tehtava14", "Tehtava14\Tehtava14.csproj", "{93A989AC-B4B4-446A-9E86-C7C1ED76D799}"
EndProject
Project("{FAE04EC0-301F-11D3-BF4B-00C04F79EFBC}") = "´Tehtava15", "´Tehtava15\´Tehtava15.csproj", "{154963B5-DF3B-4B8B-8B98-C94FE71A9B07}"
EndProject
Project("{FAE04EC0-301F-11D3-BF4B-00C04F79EFBC}") = "Tehtava16", "Tehtava16\Tehtava16.csproj", "{0479F42F-9ABD-41E9-AB80-268571CF6B91}"
EndProject
Global
	GlobalSection(SolutionConfigurationPlatforms) = preSolution
		Debug|Any CPU = Debug|Any CPU
		Release|Any CPU = Release|Any CPU
	EndGlobalSection
	GlobalSection(ProjectConfigurationPlatforms) = postSolution
		{A2B49FC5-A311-4564-A3D3-FB66C3CDCAC9}.Debug|Any CPU.ActiveCfg = Debug|Any CPU
		{A2B49FC5-A311-4564-A3D3-FB66C3CDCAC9}.Debug|Any CPU.Build.0 = Debug|Any CPU
		{A2B49FC5-A311-4564-A3D3-FB66C3CDCAC9}.Release|Any CPU.ActiveCfg = Release|Any CPU
		{A2B49FC5-A311-4564-A3D3-FB66C3CDCAC9}.Release|Any CPU.Build.0 = Release|Any CPU
		{CB49CFDE-86C1-4D57-A0E7-70E235864E2A}.Debug|Any CPU.ActiveCfg = Debug|Any CPU
		{CB49CFDE-86C1-4D57-A0E7-70E235864E2A}.Debug|Any CPU.Build.0 = Debug|Any CPU
		{CB49CFDE-86C1-4D57-A0E7-70E235864E2A}.Release|Any CPU.ActiveCfg = Release|Any CPU
		{CB49CFDE-86C1-4D57-A0E7-70E235864E2A}.Release|Any CPU.Build.0 = Release|Any CPU
		{DD4B464C-C230-49ED-938A-C6C3E9F85425}.Debug|Any CPU.ActiveCfg = Debug|Any CPU
		{DD4B464C-C230-49ED-938A-C6C3E9F85425}.Debug|Any CPU.Build.0 = Debug|Any CPU
		{DD4B464C-C230-49ED-938A-C6C3E9F85425}.Release|Any CPU.ActiveCfg = Release|Any CPU
		{DD4B464C-C230-49ED-938A-C6C3E9F85425}.Release|Any CPU.Build.0 = Release|Any CPU
		{1346EF23-F7E7-45AE-8904-FA654C44E0AB}.Debug|Any CPU.ActiveCfg = Debug|Any CPU
		{1346EF23-F7E7-45AE-8904-FA654C44E0AB}.Debug|Any CPU.Build.0 = Debug|Any CPU
		{1346EF23-F7E7-45AE-8904-FA654C44E0AB}.Release|Any CPU.ActiveCfg = Release|Any CPU
		{1346EF23-F7E7-45AE-8904-FA654C44E0AB}.Release|Any CPU.Build.0 = Release|Any CPU
		{C7FA8427-3BD3-4250-8C9E-8FDE864BD208}.Debug|Any CPU.ActiveCfg = Debug|Any CPU
		{C7FA8427-3BD3-4250-8C9E-8FDE864BD208}.Debug|Any CPU.Build.0 = Debug|Any CPU
		{C7FA8427-3BD3-4250-8C9E-8FDE864BD208}.Release|Any CPU.ActiveCfg = Release|Any CPU
		{C7FA8427-3BD3-4250-8C9E-8FDE864BD208}.Release|Any CPU.Build.0 = Release|Any CPU
		{0BC0919E-BD18-4C56-85FA-3B4297BCF996}.Debug|Any CPU.ActiveCfg = Debug|Any CPU
		{0BC0919E-BD18-4C56-85FA-3B4297BCF996}.Debug|Any CPU.Build.0 = Debug|Any CPU
		{0BC0919E-BD18-4C56-85FA-3B4297BCF996}.Release|Any CPU.ActiveCfg = Release|Any CPU
		{0BC0919E-BD18-4C56-85FA-3B4297BCF996}.Release|Any CPU.Build.0 = Release|Any CPU
		{93A989AC-B4B4-446A-9E86-C7C1ED76D799}.Debug|Any CPU.ActiveCfg = Debug|Any CPU
		{93A989AC-B4B4-446A-9E86-C7C1ED76D799}.Debug|Any CPU.Build.0 = Debug|Any CPU
		{93A989AC-B4B4-446A-9E86-C7C1ED76D799}.Release|Any CPU.ActiveCfg = Release|Any CPU
		{93A989AC-B4B4-446A-9E86-C7C1ED76D799}.Release|Any CPU.Build.0 = Release|Any CPU
		{154963B5-DF3B-4B8B-8B98-C94FE71A9B07}.Debug|Any CPU.ActiveCfg = Debug|Any CPU
		{154963B5-DF3B-4B8B-8B98-C94FE71A9B07}.Debug|Any CPU.Build.0 = Debug|Any CPU
		{154963B5-DF3B-4B8B-8B98-C94FE71A9B07}.Release|Any CPU.ActiveCfg = Release|Any CPU
		{154963B5-DF3B-4B8B-8B98-C94FE71A9B07}.Release|Any CPU.Build.0 = Release|Any CPU
		{0479F42F-9ABD-41E9-AB80-268571CF6B91}.Debug|Any CPU.ActiveCfg = Debug|Any CPU
		{0479F42F-9ABD-41E9-AB80-268571CF6B91}.Debug|Any CPU.Build.0 = Debug|Any CPU
		{0479F42F-9ABD-41E9-AB80-268571CF6B91}.Release|Any CPU.ActiveCfg = Release|Any CPU
		{0479F42F-9ABD-41E9-AB80-268571CF6B91}.Release|Any CPU.Build.0 = Release|Any CPU
	EndGlobalSection
	GlobalSection(SolutionProperties) = preSolution
		HideSolutionNode = FALSE
	EndGlobalSection
	GlobalSection(ExtensibilityGlobals) = postSolution
		SolutionGuid = {6B12DA5F-EDEB-4DE3-A386-AD92F468B095}
	EndGlobalSection
EndGlobal
